
Microsoft Visual Studio Solution File, Format Version 12.00
# Visual Studio 15
VisualStudioVersion = 15.0.26730.16
MinimumVisualStudioVersion = 10.0.40219.1
Project("{9A19103F-16F7-4668-BE54-9A1E7A4F7556}") = "KokoroIO.Client", "KokoroIO.Client\KokoroIO.Client.csproj", "{A3FE5AF7-C066-47E7-A8F7-20B7DCD860AC}"
EndProject
Project("{9A19103F-16F7-4668-BE54-9A1E7A4F7556}") = "KokoroIO.Bot", "KokoroIO.Bot\KokoroIO.Bot.csproj", "{EC6FDCDB-E84E-428F-9A1C-40F8240800C3}"
EndProject
Project("{9A19103F-16F7-4668-BE54-9A1E7A4F7556}") = "KokoroIO.Bot.Core", "KokoroIO.Bot.Core\KokoroIO.Bot.Core.csproj", "{268B1F0B-41F6-485F-83E5-7BC02EC3EEA2}"
EndProject
Project("{9A19103F-16F7-4668-BE54-9A1E7A4F7556}") = "KokoroIO.Client.Tests", "KokoroIO.Client.Tests\KokoroIO.Client.Tests.csproj", "{9FC93A9A-FCFF-46E7-970D-E1272ACBB20E}"
EndProject
Project("{FAE04EC0-301F-11D3-BF4B-00C04F79EFBC}") = "KokoroIO.SampleApp", "KokoroIO.SampleApp\KokoroIO.SampleApp.csproj", "{E671A43A-1FC2-4B3A-9765-FAE1E24089E0}"
EndProject
Project("{9A19103F-16F7-4668-BE54-9A1E7A4F7556}") = "KokoroIO.SampleBot", "KokoroIO.SampleBot\KokoroIO.SampleBot.csproj", "{B2A3CE4B-5D0E-467F-8B54-1B02A910E867}"
EndProject
Project("{2150E333-8FDC-42A3-9474-1A3956D46DE8}") = "documents", "documents", "{F7478C1C-AAA8-4AC2-AB3F-34239EC4D08E}"
	ProjectSection(SolutionItems) = preProject
		..\swagger_doc.json = ..\swagger_doc.json
	EndProjectSection
EndProject
Global
	GlobalSection(SolutionConfigurationPlatforms) = preSolution
		Debug|Any CPU = Debug|Any CPU
		Release|Any CPU = Release|Any CPU
	EndGlobalSection
	GlobalSection(ProjectConfigurationPlatforms) = postSolution
		{A3FE5AF7-C066-47E7-A8F7-20B7DCD860AC}.Debug|Any CPU.ActiveCfg = Debug|Any CPU
		{A3FE5AF7-C066-47E7-A8F7-20B7DCD860AC}.Debug|Any CPU.Build.0 = Debug|Any CPU
		{A3FE5AF7-C066-47E7-A8F7-20B7DCD860AC}.Release|Any CPU.ActiveCfg = Release|Any CPU
		{A3FE5AF7-C066-47E7-A8F7-20B7DCD860AC}.Release|Any CPU.Build.0 = Release|Any CPU
		{EC6FDCDB-E84E-428F-9A1C-40F8240800C3}.Debug|Any CPU.ActiveCfg = Debug|Any CPU
		{EC6FDCDB-E84E-428F-9A1C-40F8240800C3}.Debug|Any CPU.Build.0 = Debug|Any CPU
		{EC6FDCDB-E84E-428F-9A1C-40F8240800C3}.Release|Any CPU.ActiveCfg = Release|Any CPU
		{EC6FDCDB-E84E-428F-9A1C-40F8240800C3}.Release|Any CPU.Build.0 = Release|Any CPU
		{268B1F0B-41F6-485F-83E5-7BC02EC3EEA2}.Debug|Any CPU.ActiveCfg = Debug|Any CPU
		{268B1F0B-41F6-485F-83E5-7BC02EC3EEA2}.Debug|Any CPU.Build.0 = Debug|Any CPU
		{268B1F0B-41F6-485F-83E5-7BC02EC3EEA2}.Release|Any CPU.ActiveCfg = Release|Any CPU
		{268B1F0B-41F6-485F-83E5-7BC02EC3EEA2}.Release|Any CPU.Build.0 = Release|Any CPU
		{9FC93A9A-FCFF-46E7-970D-E1272ACBB20E}.Debug|Any CPU.ActiveCfg = Debug|Any CPU
		{9FC93A9A-FCFF-46E7-970D-E1272ACBB20E}.Debug|Any CPU.Build.0 = Debug|Any CPU
		{9FC93A9A-FCFF-46E7-970D-E1272ACBB20E}.Release|Any CPU.ActiveCfg = Release|Any CPU
		{9FC93A9A-FCFF-46E7-970D-E1272ACBB20E}.Release|Any CPU.Build.0 = Release|Any CPU
		{E671A43A-1FC2-4B3A-9765-FAE1E24089E0}.Debug|Any CPU.ActiveCfg = Debug|Any CPU
		{E671A43A-1FC2-4B3A-9765-FAE1E24089E0}.Debug|Any CPU.Build.0 = Debug|Any CPU
		{E671A43A-1FC2-4B3A-9765-FAE1E24089E0}.Release|Any CPU.ActiveCfg = Release|Any CPU
		{E671A43A-1FC2-4B3A-9765-FAE1E24089E0}.Release|Any CPU.Build.0 = Release|Any CPU
		{B2A3CE4B-5D0E-467F-8B54-1B02A910E867}.Debug|Any CPU.ActiveCfg = Debug|Any CPU
		{B2A3CE4B-5D0E-467F-8B54-1B02A910E867}.Debug|Any CPU.Build.0 = Debug|Any CPU
		{B2A3CE4B-5D0E-467F-8B54-1B02A910E867}.Release|Any CPU.ActiveCfg = Release|Any CPU
		{B2A3CE4B-5D0E-467F-8B54-1B02A910E867}.Release|Any CPU.Build.0 = Release|Any CPU
	EndGlobalSection
	GlobalSection(SolutionProperties) = preSolution
		HideSolutionNode = FALSE
	EndGlobalSection
	GlobalSection(ExtensibilityGlobals) = postSolution
		SolutionGuid = {97861659-27AB-42CE-B828-DD863F2BC5EC}
	EndGlobalSection
EndGlobal
